
Microsoft Visual Studio Solution File, Format Version 12.00
# Visual Studio 14
VisualStudioVersion = 14.0.25420.1
MinimumVisualStudioVersion = 10.0.40219.1
Project("{FAE04EC0-301F-11D3-BF4B-00C04F79EFBC}") = "PerforcePuller", "src\PerforcePuller\PerforcePuller.csproj", "{38F5D5CC-E9B5-456B-80E7-BBD4AA30FB08}"
EndProject
Project("{2150E333-8FDC-42A3-9474-1A3956D46DE8}") = "test", "test", "{9077EFF6-FEB8-4C3F-A875-2F7750C3608E}"
EndProject
Project("{2150E333-8FDC-42A3-9474-1A3956D46DE8}") = "Unit", "Unit", "{7B42AF39-09B7-4E1F-9C4B-4C077CA9DE2D}"
EndProject
Project("{FAE04EC0-301F-11D3-BF4B-00C04F79EFBC}") = "Test.Unit.PerforcePuller", "test\Unit\Test.Unit.PerforcePuller\Test.Unit.PerforcePuller.csproj", "{C6D9A1ED-6628-462B-986F-D08C966F7EC3}"
EndProject
Global
	GlobalSection(SolutionConfigurationPlatforms) = preSolution
		Debug|Any CPU = Debug|Any CPU
		Debug|ARM = Debug|ARM
		Debug|x64 = Debug|x64
		Debug|x86 = Debug|x86
		Release|Any CPU = Release|Any CPU
		Release|ARM = Release|ARM
		Release|x64 = Release|x64
		Release|x86 = Release|x86
	EndGlobalSection
	GlobalSection(ProjectConfigurationPlatforms) = postSolution
		{38F5D5CC-E9B5-456B-80E7-BBD4AA30FB08}.Debug|Any CPU.ActiveCfg = Debug|Any CPU
		{38F5D5CC-E9B5-456B-80E7-BBD4AA30FB08}.Debug|Any CPU.Build.0 = Debug|Any CPU
		{38F5D5CC-E9B5-456B-80E7-BBD4AA30FB08}.Debug|ARM.ActiveCfg = Debug|Any CPU
		{38F5D5CC-E9B5-456B-80E7-BBD4AA30FB08}.Debug|ARM.Build.0 = Debug|Any CPU
		{38F5D5CC-E9B5-456B-80E7-BBD4AA30FB08}.Debug|x64.ActiveCfg = Debug|Any CPU
		{38F5D5CC-E9B5-456B-80E7-BBD4AA30FB08}.Debug|x64.Build.0 = Debug|Any CPU
		{38F5D5CC-E9B5-456B-80E7-BBD4AA30FB08}.Debug|x86.ActiveCfg = Debug|Any CPU
		{38F5D5CC-E9B5-456B-80E7-BBD4AA30FB08}.Debug|x86.Build.0 = Debug|Any CPU
		{38F5D5CC-E9B5-456B-80E7-BBD4AA30FB08}.Release|Any CPU.ActiveCfg = Release|Any CPU
		{38F5D5CC-E9B5-456B-80E7-BBD4AA30FB08}.Release|Any CPU.Build.0 = Release|Any CPU
		{38F5D5CC-E9B5-456B-80E7-BBD4AA30FB08}.Release|ARM.ActiveCfg = Release|Any CPU
		{38F5D5CC-E9B5-456B-80E7-BBD4AA30FB08}.Release|ARM.Build.0 = Release|Any CPU
		{38F5D5CC-E9B5-456B-80E7-BBD4AA30FB08}.Release|x64.ActiveCfg = Release|Any CPU
		{38F5D5CC-E9B5-456B-80E7-BBD4AA30FB08}.Release|x64.Build.0 = Release|Any CPU
		{38F5D5CC-E9B5-456B-80E7-BBD4AA30FB08}.Release|x86.ActiveCfg = Release|Any CPU
		{38F5D5CC-E9B5-456B-80E7-BBD4AA30FB08}.Release|x86.Build.0 = Release|Any CPU
		{C6D9A1ED-6628-462B-986F-D08C966F7EC3}.Debug|Any CPU.ActiveCfg = Debug|Any CPU
		{C6D9A1ED-6628-462B-986F-D08C966F7EC3}.Debug|Any CPU.Build.0 = Debug|Any CPU
		{C6D9A1ED-6628-462B-986F-D08C966F7EC3}.Debug|ARM.ActiveCfg = Debug|Any CPU
		{C6D9A1ED-6628-462B-986F-D08C966F7EC3}.Debug|ARM.Build.0 = Debug|Any CPU
		{C6D9A1ED-6628-462B-986F-D08C966F7EC3}.Debug|x64.ActiveCfg = Debug|Any CPU
		{C6D9A1ED-6628-462B-986F-D08C966F7EC3}.Debug|x64.Build.0 = Debug|Any CPU
		{C6D9A1ED-6628-462B-986F-D08C966F7EC3}.Debug|x86.ActiveCfg = Debug|Any CPU
		{C6D9A1ED-6628-462B-986F-D08C966F7EC3}.Debug|x86.Build.0 = Debug|Any CPU
		{C6D9A1ED-6628-462B-986F-D08C966F7EC3}.Release|Any CPU.ActiveCfg = Release|Any CPU
		{C6D9A1ED-6628-462B-986F-D08C966F7EC3}.Release|Any CPU.Build.0 = Release|Any CPU
		{C6D9A1ED-6628-462B-986F-D08C966F7EC3}.Release|ARM.ActiveCfg = Release|Any CPU
		{C6D9A1ED-6628-462B-986F-D08C966F7EC3}.Release|ARM.Build.0 = Release|Any CPU
		{C6D9A1ED-6628-462B-986F-D08C966F7EC3}.Release|x64.ActiveCfg = Release|Any CPU
		{C6D9A1ED-6628-462B-986F-D08C966F7EC3}.Release|x64.Build.0 = Release|Any CPU
		{C6D9A1ED-6628-462B-986F-D08C966F7EC3}.Release|x86.ActiveCfg = Release|Any CPU
		{C6D9A1ED-6628-462B-986F-D08C966F7EC3}.Release|x86.Build.0 = Release|Any CPU
	EndGlobalSection
	GlobalSection(SolutionProperties) = preSolution
		HideSolutionNode = FALSE
	EndGlobalSection
	GlobalSection(NestedProjects) = preSolution
		{7B42AF39-09B7-4E1F-9C4B-4C077CA9DE2D} = {9077EFF6-FEB8-4C3F-A875-2F7750C3608E}
		{C6D9A1ED-6628-462B-986F-D08C966F7EC3} = {7B42AF39-09B7-4E1F-9C4B-4C077CA9DE2D}
	EndGlobalSection
EndGlobal
